
Microsoft Visual Studio Solution File, Format Version 12.00
# Visual Studio 2013
VisualStudioVersion = 12.0.30723.0
MinimumVisualStudioVersion = 10.0.40219.1
Project("{FAE04EC0-301F-11D3-BF4B-00C04F79EFBC}") = "ResourceTranslatorGUI", "ResourceTranslator\ResourceTranslatorGUI.csproj", "{76626222-4CC0-4532-B46A-CBD11847C9A0}"
	ProjectSection(ProjectDependencies) = postProject
		{DDB2E759-05B6-4E28-8F96-F61B5FCC096C} = {DDB2E759-05B6-4E28-8F96-F61B5FCC096C}
	EndProjectSection
EndProject
Project("{FAE04EC0-301F-11D3-BF4B-00C04F79EFBC}") = "ResourceTranslatorCLI", "ResourceTranslatorCLI\ResourceTranslatorCLI.csproj", "{F9F61184-6FA2-4709-A2BD-8E442ABC8C54}"
	ProjectSection(ProjectDependencies) = postProject
		{DDB2E759-05B6-4E28-8F96-F61B5FCC096C} = {DDB2E759-05B6-4E28-8F96-F61B5FCC096C}
	EndProjectSection
EndProject
Project("{FAE04EC0-301F-11D3-BF4B-00C04F79EFBC}") = "ResourceTranslatorLib", "ResourceTranslatorLib\ResourceTranslatorLib.csproj", "{DDB2E759-05B6-4E28-8F96-F61B5FCC096C}"
EndProject
Global
	GlobalSection(SolutionConfigurationPlatforms) = preSolution
		Debug|Any CPU = Debug|Any CPU
		Release|Any CPU = Release|Any CPU
	EndGlobalSection
	GlobalSection(ProjectConfigurationPlatforms) = postSolution
		{76626222-4CC0-4532-B46A-CBD11847C9A0}.Debug|Any CPU.ActiveCfg = Debug|Any CPU
		{76626222-4CC0-4532-B46A-CBD11847C9A0}.Debug|Any CPU.Build.0 = Debug|Any CPU
		{76626222-4CC0-4532-B46A-CBD11847C9A0}.Release|Any CPU.ActiveCfg = Release|Any CPU
		{76626222-4CC0-4532-B46A-CBD11847C9A0}.Release|Any CPU.Build.0 = Release|Any CPU
		{F9F61184-6FA2-4709-A2BD-8E442ABC8C54}.Debug|Any CPU.ActiveCfg = Debug|Any CPU
		{F9F61184-6FA2-4709-A2BD-8E442ABC8C54}.Debug|Any CPU.Build.0 = Debug|Any CPU
		{F9F61184-6FA2-4709-A2BD-8E442ABC8C54}.Release|Any CPU.ActiveCfg = Release|Any CPU
		{F9F61184-6FA2-4709-A2BD-8E442ABC8C54}.Release|Any CPU.Build.0 = Release|Any CPU
		{DDB2E759-05B6-4E28-8F96-F61B5FCC096C}.Debug|Any CPU.ActiveCfg = Debug|Any CPU
		{DDB2E759-05B6-4E28-8F96-F61B5FCC096C}.Debug|Any CPU.Build.0 = Debug|Any CPU
		{DDB2E759-05B6-4E28-8F96-F61B5FCC096C}.Release|Any CPU.ActiveCfg = Release|Any CPU
		{DDB2E759-05B6-4E28-8F96-F61B5FCC096C}.Release|Any CPU.Build.0 = Release|Any CPU
	EndGlobalSection
	GlobalSection(SolutionProperties) = preSolution
		HideSolutionNode = FALSE
	EndGlobalSection
EndGlobal
